
Microsoft Visual Studio Solution File, Format Version 12.00
# Visual Studio Version 16
VisualStudioVersion = 16.0.31205.134
MinimumVisualStudioVersion = 10.0.40219.1
Project("{FAE04EC0-301F-11D3-BF4B-00C04F79EFBC}") = "TodoListAPI", "TodoListAPI.csproj", "{4182C973-DB9A-4991-B30E-6FF0E5740EB2}"
EndProject
Project("{FAE04EC0-301F-11D3-BF4B-00C04F79EFBC}") = "TodoListAPI.Tests", "..\TodoListAPI.Tests\TodoListAPI.Tests.csproj", "{A0DED2DB-AD86-4259-BB66-67FF0E18A61C}"
EndProject
Global
	GlobalSection(SolutionConfigurationPlatforms) = preSolution
		Debug|Any CPU = Debug|Any CPU
		Release|Any CPU = Release|Any CPU
	EndGlobalSection
	GlobalSection(ProjectConfigurationPlatforms) = postSolution
		{4182C973-DB9A-4991-B30E-6FF0E5740EB2}.Debug|Any CPU.ActiveCfg = Debug|Any CPU
		{4182C973-DB9A-4991-B30E-6FF0E5740EB2}.Debug|Any CPU.Build.0 = Debug|Any CPU
		{4182C973-DB9A-4991-B30E-6FF0E5740EB2}.Release|Any CPU.ActiveCfg = Release|Any CPU
		{4182C973-DB9A-4991-B30E-6FF0E5740EB2}.Release|Any CPU.Build.0 = Release|Any CPU
		{A0DED2DB-AD86-4259-BB66-67FF0E18A61C}.Debug|Any CPU.ActiveCfg = Debug|Any CPU
		{A0DED2DB-AD86-4259-BB66-67FF0E18A61C}.Debug|Any CPU.Build.0 = Debug|Any CPU
		{A0DED2DB-AD86-4259-BB66-67FF0E18A61C}.Release|Any CPU.ActiveCfg = Release|Any CPU
		{A0DED2DB-AD86-4259-BB66-67FF0E18A61C}.Release|Any CPU.Build.0 = Release|Any CPU
	EndGlobalSection
	GlobalSection(SolutionProperties) = preSolution
		HideSolutionNode = FALSE
	EndGlobalSection
	GlobalSection(ExtensibilityGlobals) = postSolution
		SolutionGuid = {62C54CA2-0739-47C9-8005-5266A2A96EFB}
	EndGlobalSection
EndGlobal
